
Microsoft Visual Studio Solution File, Format Version 12.00
# Visual Studio Version 16
VisualStudioVersion = 16.0.36631.11
MinimumVisualStudioVersion = 10.0.40219.1
Project("{8BC9CEB8-8B4A-11D0-8D11-00A0C91BC942}") = "Litematic_V7_To_V6", "Litematic_V7_To_V6\Litematic_V7_To_V6.vcxproj", "{D81BACB5-EBF4-4844-B85F-21E3E459005E}"
EndProject
Project("{8BC9CEB8-8B4A-11D0-8D11-00A0C91BC942}") = "xxhash", "Dependencies\xxhash\xxhash.vcxproj", "{DC504567-A6FA-4E8F-A354-E1ECFDDE5D81}"
EndProject
Project("{8BC9CEB8-8B4A-11D0-8D11-00A0C91BC942}") = "zlib", "Dependencies\zlib\zlib.vcxproj", "{E304062B-8190-4215-AFFE-D2BF30DE6600}"
EndProject
Project("{8BC9CEB8-8B4A-11D0-8D11-00A0C91BC942}") = "NBT_Compare", "NBT_Compare\NBT_Compare.vcxproj", "{D4C9080F-F0BB-4173-8844-D6AB398E6F0E}"
EndProject
Project("{2150E333-8FDC-42A3-9474-1A3956D46DE8}") = "Dependencies", "Dependencies", "{AE920E50-2DB1-4FC2-BAAD-473E09F2C63E}"
EndProject
Project("{2150E333-8FDC-42A3-9474-1A3956D46DE8}") = "nbt_cpp", "nbt_cpp", "{0934EF2E-498D-4AA1-BAFF-9828ED5A9507}"
	ProjectSection(SolutionItems) = preProject
		Dependencies\nbt_cpp\Compiler_Define.h = Dependencies\nbt_cpp\Compiler_Define.h
		Dependencies\nbt_cpp\MUTF8_Tool.hpp = Dependencies\nbt_cpp\MUTF8_Tool.hpp
		Dependencies\nbt_cpp\NBT_All.hpp = Dependencies\nbt_cpp\NBT_All.hpp
		Dependencies\nbt_cpp\NBT_Array.hpp = Dependencies\nbt_cpp\NBT_Array.hpp
		Dependencies\nbt_cpp\NBT_Compound.hpp = Dependencies\nbt_cpp\NBT_Compound.hpp
		Dependencies\nbt_cpp\NBT_Endian.hpp = Dependencies\nbt_cpp\NBT_Endian.hpp
		Dependencies\nbt_cpp\NBT_Hash.hpp = Dependencies\nbt_cpp\NBT_Hash.hpp
		Dependencies\nbt_cpp\NBT_Helper.hpp = Dependencies\nbt_cpp\NBT_Helper.hpp
		Dependencies\nbt_cpp\NBT_IO.hpp = Dependencies\nbt_cpp\NBT_IO.hpp
		Dependencies\nbt_cpp\NBT_List.hpp = Dependencies\nbt_cpp\NBT_List.hpp
		Dependencies\nbt_cpp\NBT_Node.hpp = Dependencies\nbt_cpp\NBT_Node.hpp
		Dependencies\nbt_cpp\NBT_Node_View.hpp = Dependencies\nbt_cpp\NBT_Node_View.hpp
		Dependencies\nbt_cpp\NBT_Print.hpp = Dependencies\nbt_cpp\NBT_Print.hpp
		Dependencies\nbt_cpp\NBT_Reader.hpp = Dependencies\nbt_cpp\NBT_Reader.hpp
		Dependencies\nbt_cpp\NBT_Scanner.hpp = Dependencies\nbt_cpp\NBT_Scanner.hpp
		Dependencies\nbt_cpp\NBT_String.hpp = Dependencies\nbt_cpp\NBT_String.hpp
		Dependencies\nbt_cpp\NBT_TAG.hpp = Dependencies\nbt_cpp\NBT_TAG.hpp
		Dependencies\nbt_cpp\NBT_Type.hpp = Dependencies\nbt_cpp\NBT_Type.hpp
		Dependencies\nbt_cpp\NBT_Visitor.hpp = Dependencies\nbt_cpp\NBT_Visitor.hpp
		Dependencies\nbt_cpp\NBT_Writer.hpp = Dependencies\nbt_cpp\NBT_Writer.hpp
		Dependencies\nbt_cpp\vcpkg_config.h = Dependencies\nbt_cpp\vcpkg_config.h
	EndProjectSection
EndProject
Project("{2150E333-8FDC-42A3-9474-1A3956D46DE8}") = "util", "util", "{B9BF7942-BDB2-4E8D-8654-0A3AA45CAC1F}"
	ProjectSection(SolutionItems) = preProject
		Dependencies\util\CodeTimer.hpp = Dependencies\util\CodeTimer.hpp
		Dependencies\util\CPP_Helper.h = Dependencies\util\CPP_Helper.h
		Dependencies\util\MyAssert.hpp = Dependencies\util\MyAssert.hpp
	EndProjectSection
EndProject
Project("{2150E333-8FDC-42A3-9474-1A3956D46DE8}") = "Resources", "Resources", "{4F739BC6-FA3F-4134-B913-ADC24F261855}"
	ProjectSection(SolutionItems) = preProject
		.gitattributes = .gitattributes
		.gitignore = .gitignore
		BasicConfiguration.props = BasicConfiguration.props
		CMakeLists.txt = CMakeLists.txt
		LibraryDependencies.props = LibraryDependencies.props
		README.md = README.md
	EndProjectSection
EndProject
Project("{8BC9CEB8-8B4A-11D0-8D11-00A0C91BC942}") = "NBT_Print", "NBT_Print\NBT_Print.vcxproj", "{045ECBC4-0A31-4DE0-AC18-627B3DE7ABCE}"
EndProject
Project("{8BC9CEB8-8B4A-11D0-8D11-00A0C91BC942}") = "Litematic_GUI", "Litematic_GUI\Litematic_GUI.vcxproj", "{A1B2C3D4-E5F6-7890-ABCD-EF1234567890}"
EndProject
Global
	GlobalSection(SolutionConfigurationPlatforms) = preSolution
		Debug|ARM = Debug|ARM
		Debug|ARM64 = Debug|ARM64
		Debug|x64 = Debug|x64
		Debug|x86 = Debug|x86
		Release|ARM = Release|ARM
		Release|ARM64 = Release|ARM64
		Release|x64 = Release|x64
		Release|x86 = Release|x86
	EndGlobalSection
	GlobalSection(ProjectConfigurationPlatforms) = postSolution
		{D81BACB5-EBF4-4844-B85F-21E3E459005E}.Debug|ARM.ActiveCfg = Debug|ARM
		{D81BACB5-EBF4-4844-B85F-21E3E459005E}.Debug|ARM.Build.0 = Debug|ARM
		{D81BACB5-EBF4-4844-B85F-21E3E459005E}.Debug|ARM64.ActiveCfg = Debug|ARM64
		{D81BACB5-EBF4-4844-B85F-21E3E459005E}.Debug|ARM64.Build.0 = Debug|ARM64
		{D81BACB5-EBF4-4844-B85F-21E3E459005E}.Debug|x64.ActiveCfg = Debug|x64
		{D81BACB5-EBF4-4844-B85F-21E3E459005E}.Debug|x64.Build.0 = Debug|x64
		{D81BACB5-EBF4-4844-B85F-21E3E459005E}.Debug|x86.ActiveCfg = Debug|Win32
		{D81BACB5-EBF4-4844-B85F-21E3E459005E}.Debug|x86.Build.0 = Debug|Win32
		{D81BACB5-EBF4-4844-B85F-21E3E459005E}.Release|ARM.ActiveCfg = Release|ARM
		{D81BACB5-EBF4-4844-B85F-21E3E459005E}.Release|ARM.Build.0 = Release|ARM
		{D81BACB5-EBF4-4844-B85F-21E3E459005E}.Release|ARM64.ActiveCfg = Release|ARM64
		{D81BACB5-EBF4-4844-B85F-21E3E459005E}.Release|ARM64.Build.0 = Release|ARM64
		{D81BACB5-EBF4-4844-B85F-21E3E459005E}.Release|x64.ActiveCfg = Release|x64
		{D81BACB5-EBF4-4844-B85F-21E3E459005E}.Release|x64.Build.0 = Release|x64
		{D81BACB5-EBF4-4844-B85F-21E3E459005E}.Release|x86.ActiveCfg = Release|Win32
		{D81BACB5-EBF4-4844-B85F-21E3E459005E}.Release|x86.Build.0 = Release|Win32
		{DC504567-A6FA-4E8F-A354-E1ECFDDE5D81}.Debug|ARM.ActiveCfg = Debug|ARM
		{DC504567-A6FA-4E8F-A354-E1ECFDDE5D81}.Debug|ARM.Build.0 = Debug|ARM
		{DC504567-A6FA-4E8F-A354-E1ECFDDE5D81}.Debug|ARM64.ActiveCfg = Debug|ARM64
		{DC504567-A6FA-4E8F-A354-E1ECFDDE5D81}.Debug|ARM64.Build.0 = Debug|ARM64
		{DC504567-A6FA-4E8F-A354-E1ECFDDE5D81}.Debug|x64.ActiveCfg = Debug|x64
		{DC504567-A6FA-4E8F-A354-E1ECFDDE5D81}.Debug|x64.Build.0 = Debug|x64
		{DC504567-A6FA-4E8F-A354-E1ECFDDE5D81}.Debug|x86.ActiveCfg = Debug|Win32
		{DC504567-A6FA-4E8F-A354-E1ECFDDE5D81}.Debug|x86.Build.0 = Debug|Win32
		{DC504567-A6FA-4E8F-A354-E1ECFDDE5D81}.Release|ARM.ActiveCfg = Release|ARM
		{DC504567-A6FA-4E8F-A354-E1ECFDDE5D81}.Release|ARM.Build.0 = Release|ARM
		{DC504567-A6FA-4E8F-A354-E1ECFDDE5D81}.Release|ARM64.ActiveCfg = Release|ARM64
		{DC504567-A6FA-4E8F-A354-E1ECFDDE5D81}.Release|ARM64.Build.0 = Release|ARM64
		{DC504567-A6FA-4E8F-A354-E1ECFDDE5D81}.Release|x64.ActiveCfg = Release|x64
		{DC504567-A6FA-4E8F-A354-E1ECFDDE5D81}.Release|x64.Build.0 = Release|x64
		{DC504567-A6FA-4E8F-A354-E1ECFDDE5D81}.Release|x86.ActiveCfg = Release|Win32
		{DC504567-A6FA-4E8F-A354-E1ECFDDE5D81}.Release|x86.Build.0 = Release|Win32
		{E304062B-8190-4215-AFFE-D2BF30DE6600}.Debug|ARM.ActiveCfg = Debug|ARM
		{E304062B-8190-4215-AFFE-D2BF30DE6600}.Debug|ARM.Build.0 = Debug|ARM
		{E304062B-8190-4215-AFFE-D2BF30DE6600}.Debug|ARM64.ActiveCfg = Debug|ARM64
		{E304062B-8190-4215-AFFE-D2BF30DE6600}.Debug|ARM64.Build.0 = Debug|ARM64
		{E304062B-8190-4215-AFFE-D2BF30DE6600}.Debug|x64.ActiveCfg = Debug|x64
		{E304062B-8190-4215-AFFE-D2BF30DE6600}.Debug|x64.Build.0 = Debug|x64
		{E304062B-8190-4215-AFFE-D2BF30DE6600}.Debug|x86.ActiveCfg = Debug|Win32
		{E304062B-8190-4215-AFFE-D2BF30DE6600}.Debug|x86.Build.0 = Debug|Win32
		{E304062B-8190-4215-AFFE-D2BF30DE6600}.Release|ARM.ActiveCfg = Release|ARM
		{E304062B-8190-4215-AFFE-D2BF30DE6600}.Release|ARM.Build.0 = Release|ARM
		{E304062B-8190-4215-AFFE-D2BF30DE6600}.Release|ARM64.ActiveCfg = Release|ARM64
		{E304062B-8190-4215-AFFE-D2BF30DE6600}.Release|ARM64.Build.0 = Release|ARM64
		{E304062B-8190-4215-AFFE-D2BF30DE6600}.Release|x64.ActiveCfg = Release|x64
		{E304062B-8190-4215-AFFE-D2BF30DE6600}.Release|x64.Build.0 = Release|x64
		{E304062B-8190-4215-AFFE-D2BF30DE6600}.Release|x86.ActiveCfg = Release|Win32
		{E304062B-8190-4215-AFFE-D2BF30DE6600}.Release|x86.Build.0 = Release|Win32
		{D4C9080F-F0BB-4173-8844-D6AB398E6F0E}.Debug|ARM.ActiveCfg = Debug|ARM
		{D4C9080F-F0BB-4173-8844-D6AB398E6F0E}.Debug|ARM.Build.0 = Debug|ARM
		{D4C9080F-F0BB-4173-8844-D6AB398E6F0E}.Debug|ARM64.ActiveCfg = Debug|ARM64
		{D4C9080F-F0BB-4173-8844-D6AB398E6F0E}.Debug|ARM64.Build.0 = Debug|ARM64
		{D4C9080F-F0BB-4173-8844-D6AB398E6F0E}.Debug|x64.ActiveCfg = Debug|x64
		{D4C9080F-F0BB-4173-8844-D6AB398E6F0E}.Debug|x64.Build.0 = Debug|x64
		{D4C9080F-F0BB-4173-8844-D6AB398E6F0E}.Debug|x86.ActiveCfg = Debug|Win32
		{D4C9080F-F0BB-4173-8844-D6AB398E6F0E}.Debug|x86.Build.0 = Debug|Win32
		{D4C9080F-F0BB-4173-8844-D6AB398E6F0E}.Release|ARM.ActiveCfg = Release|ARM
		{D4C9080F-F0BB-4173-8844-D6AB398E6F0E}.Release|ARM.Build.0 = Release|ARM
		{D4C9080F-F0BB-4173-8844-D6AB398E6F0E}.Release|ARM64.ActiveCfg = Release|ARM64
		{D4C9080F-F0BB-4173-8844-D6AB398E6F0E}.Release|ARM64.Build.0 = Release|ARM64
		{D4C9080F-F0BB-4173-8844-D6AB398E6F0E}.Release|x64.ActiveCfg = Release|x64
		{D4C9080F-F0BB-4173-8844-D6AB398E6F0E}.Release|x64.Build.0 = Release|x64
		{D4C9080F-F0BB-4173-8844-D6AB398E6F0E}.Release|x86.ActiveCfg = Release|Win32
		{D4C9080F-F0BB-4173-8844-D6AB398E6F0E}.Release|x86.Build.0 = Release|Win32
		{045ECBC4-0A31-4DE0-AC18-627B3DE7ABCE}.Debug|ARM.ActiveCfg = Debug|ARM
		{045ECBC4-0A31-4DE0-AC18-627B3DE7ABCE}.Debug|ARM.Build.0 = Debug|ARM
		{045ECBC4-0A31-4DE0-AC18-627B3DE7ABCE}.Debug|ARM64.ActiveCfg = Debug|ARM64
		{045ECBC4-0A31-4DE0-AC18-627B3DE7ABCE}.Debug|ARM64.Build.0 = Debug|ARM64
		{045ECBC4-0A31-4DE0-AC18-627B3DE7ABCE}.Debug|x64.ActiveCfg = Debug|x64
		{045ECBC4-0A31-4DE0-AC18-627B3DE7ABCE}.Debug|x64.Build.0 = Debug|x64
		{045ECBC4-0A31-4DE0-AC18-627B3DE7ABCE}.Debug|x86.ActiveCfg = Debug|Win32
		{045ECBC4-0A31-4DE0-AC18-627B3DE7ABCE}.Debug|x86.Build.0 = Debug|Win32
		{045ECBC4-0A31-4DE0-AC18-627B3DE7ABCE}.Release|ARM.ActiveCfg = Release|ARM
		{045ECBC4-0A31-4DE0-AC18-627B3DE7ABCE}.Release|ARM.Build.0 = Release|ARM
		{045ECBC4-0A31-4DE0-AC18-627B3DE7ABCE}.Release|ARM64.ActiveCfg = Release|ARM64
		{045ECBC4-0A31-4DE0-AC18-627B3DE7ABCE}.Release|ARM64.Build.0 = Release|ARM64
		{045ECBC4-0A31-4DE0-AC18-627B3DE7ABCE}.Release|x64.ActiveCfg = Release|x64
		{045ECBC4-0A31-4DE0-AC18-627B3DE7ABCE}.Release|x64.Build.0 = Release|x64
		{045ECBC4-0A31-4DE0-AC18-627B3DE7ABCE}.Release|x86.ActiveCfg = Release|Win32
		{045ECBC4-0A31-4DE0-AC18-627B3DE7ABCE}.Release|x86.Build.0 = Release|Win32
		{A1B2C3D4-E5F6-7890-ABCD-EF1234567890}.Debug|ARM.ActiveCfg = Debug|x64
		{A1B2C3D4-E5F6-7890-ABCD-EF1234567890}.Debug|ARM64.ActiveCfg = Debug|x64
		{A1B2C3D4-E5F6-7890-ABCD-EF1234567890}.Debug|x64.ActiveCfg = Debug|x64
		{A1B2C3D4-E5F6-7890-ABCD-EF1234567890}.Debug|x64.Build.0 = Debug|x64
		{A1B2C3D4-E5F6-7890-ABCD-EF1234567890}.Debug|x86.ActiveCfg = Debug|Win32
		{A1B2C3D4-E5F6-7890-ABCD-EF1234567890}.Debug|x86.Build.0 = Debug|Win32
		{A1B2C3D4-E5F6-7890-ABCD-EF1234567890}.Release|ARM.ActiveCfg = Release|x64
		{A1B2C3D4-E5F6-7890-ABCD-EF1234567890}.Release|ARM64.ActiveCfg = Release|x64
		{A1B2C3D4-E5F6-7890-ABCD-EF1234567890}.Release|x64.ActiveCfg = Release|x64
		{A1B2C3D4-E5F6-7890-ABCD-EF1234567890}.Release|x64.Build.0 = Release|x64
		{A1B2C3D4-E5F6-7890-ABCD-EF1234567890}.Release|x86.ActiveCfg = Release|Win32
		{A1B2C3D4-E5F6-7890-ABCD-EF1234567890}.Release|x86.Build.0 = Release|Win32
	EndGlobalSection
	GlobalSection(SolutionProperties) = preSolution
		HideSolutionNode = FALSE
	EndGlobalSection
	GlobalSection(NestedProjects) = preSolution
		{DC504567-A6FA-4E8F-A354-E1ECFDDE5D81} = {AE920E50-2DB1-4FC2-BAAD-473E09F2C63E}
		{E304062B-8190-4215-AFFE-D2BF30DE6600} = {AE920E50-2DB1-4FC2-BAAD-473E09F2C63E}
		{0934EF2E-498D-4AA1-BAFF-9828ED5A9507} = {AE920E50-2DB1-4FC2-BAAD-473E09F2C63E}
		{B9BF7942-BDB2-4E8D-8654-0A3AA45CAC1F} = {AE920E50-2DB1-4FC2-BAAD-473E09F2C63E}
	EndGlobalSection
	GlobalSection(ExtensibilityGlobals) = postSolution
		SolutionGuid = {5E6D18B7-9DC5-47E8-B325-4513AE4EE006}
	EndGlobalSection
EndGlobal
